<?xml version="1.0" encoding="utf-8"?>
<Project ToolsVersion="4.0" xmlns="http://schemas.microsoft.com/developer/msbuild/2003">
  <ItemGroup>
    <Filter Include="源文件">
      <UniqueIdentifier>{4FC737F1-C7A5-4376-A066-2A32D752A2FF}</UniqueIdentifier>
      <Extensions>cpp;c;cc;cxx;def;odl;idl;hpj;bat;asm;asmx</Extensions>
    </Filter>
    <Filter Include="头文件">
      <UniqueIdentifier>{93995380-89BD-4b04-88EB-625FBE52EBFB}</UniqueIdentifier>
      <Extensions>h;hpp;hxx;hm;inl;inc;xsd</Extensions>
    </Filter>
    <Filter Include="资源文件">
      <UniqueIdentifier>{67DA6AB6-F800-4c08-8B7A-83BB121AAD01}</UniqueIdentifier>
      <Extensions>rc;ico;cur;bmp;dlg;rc2;rct;bin;rgs;gif;jpg;jpeg;jpe;resx;tiff;tif;png;wav</Extensions>
    </Filter>
    <Filter Include="HybridAlgorithm">
      <UniqueIdentifier>{7783d9b9-3ec0-476b-8a43-976679b4979e}</UniqueIdentifier>
    </Filter>
    <Filter Include="HybridAlgorithm\RVO">
      <UniqueIdentifier>{4f28ea7e-177e-4ad9-8e95-36d666feebaa}</UniqueIdentifier>
    </Filter>
    <Filter Include="Render">
      <UniqueIdentifier>{b1dbb92d-6974-4441-b95c-ae03b6103887}</UniqueIdentifier>
    </Filter>
    <Filter Include="vcg">
      <UniqueIdentifier>{e0b881a5-c823-4cd6-a631-c55591e31e92}</UniqueIdentifier>
    </Filter>
  </ItemGroup>
  <ItemGroup>
    <ClCompile Include="Source\ChunkyTriMesh.cpp">
      <Filter>源文件</Filter>
    </ClCompile>
    <ClCompile Include="..\..\thirdparty\fastlz\fastlz.c">
      <Filter>源文件</Filter>
    </ClCompile>
    <ClCompile Include="Source\Filelist.cpp">
      <Filter>源文件</Filter>
    </ClCompile>
    <ClCompile Include="Source\GLFont.cpp">
      <Filter>源文件</Filter>
    </ClCompile>
    <ClCompile Include="Source\HybridCrowdTool.cpp">
      <Filter>源文件</Filter>
    </ClCompile>
    <ClCompile Include="Source\HybridModel.cpp">
      <Filter>源文件</Filter>
    </ClCompile>
    <ClCompile Include="Source\imgui.cpp">
      <Filter>源文件</Filter>
    </ClCompile>
    <ClCompile Include="Source\imguiRenderGL.cpp">
      <Filter>源文件</Filter>
    </ClCompile>
    <ClCompile Include="Source\InputGeom.cpp">
      <Filter>源文件</Filter>
    </ClCompile>
    <ClCompile Include="Source\main.cpp">
      <Filter>源文件</Filter>
    </ClCompile>
    <ClCompile Include="Source\MeshLoaderObj.cpp">
      <Filter>源文件</Filter>
    </ClCompile>
    <ClCompile Include="Source\OffMeshConnectionTool.cpp">
      <Filter>源文件</Filter>
    </ClCompile>
    <ClCompile Include="Source\PerfTimer.cpp">
      <Filter>源文件</Filter>
    </ClCompile>
    <ClCompile Include="Source\Sample.cpp">
      <Filter>源文件</Filter>
    </ClCompile>
    <ClCompile Include="Source\SampleInterfaces.cpp">
      <Filter>源文件</Filter>
    </ClCompile>
    <ClCompile Include="Source\SlideShow.cpp">
      <Filter>源文件</Filter>
    </ClCompile>
    <ClCompile Include="Source\TestCase.cpp">
      <Filter>源文件</Filter>
    </ClCompile>
    <ClCompile Include="Source\ValueHistory.cpp">
      <Filter>源文件</Filter>
    </ClCompile>
    <ClCompile Include="HybridAlgorithm\CrowdGroup.cpp">
      <Filter>HybridAlgorithm</Filter>
    </ClCompile>
    <ClCompile Include="HybridAlgorithm\FluidSimulator.cpp">
      <Filter>HybridAlgorithm</Filter>
    </ClCompile>
    <ClCompile Include="HybridAlgorithm\Grid.cpp">
      <Filter>HybridAlgorithm</Filter>
    </ClCompile>
    <ClCompile Include="HybridAlgorithm\HmAgent.cpp">
      <Filter>HybridAlgorithm</Filter>
    </ClCompile>
    <ClCompile Include="HybridAlgorithm\HybridModelCrowd.cpp">
      <Filter>HybridAlgorithm</Filter>
    </ClCompile>
    <ClCompile Include="HybridAlgorithm\QuadTree.cpp">
      <Filter>HybridAlgorithm</Filter>
    </ClCompile>
    <ClCompile Include="HybridAlgorithm\RVO\Agent.cpp">
      <Filter>HybridAlgorithm\RVO</Filter>
    </ClCompile>
    <ClCompile Include="HybridAlgorithm\RVO\KdTree.cpp">
      <Filter>HybridAlgorithm\RVO</Filter>
    </ClCompile>
    <ClCompile Include="HybridAlgorithm\RVO\Obstacle.cpp">
      <Filter>HybridAlgorithm\RVO</Filter>
    </ClCompile>
    <ClCompile Include="HybridAlgorithm\RVO\RVOSimulator.cpp">
      <Filter>HybridAlgorithm\RVO</Filter>
    </ClCompile>
    <ClCompile Include="Source\InputMesh.cpp">
      <Filter>源文件</Filter>
    </ClCompile>
    <ClCompile Include="Source\Renderer.cpp">
      <Filter>源文件</Filter>
    </ClCompile>
    <ClCompile Include="..\..\thirdparty\vcglib\wrap\ply\plylib.cpp">
      <Filter>vcg</Filter>
    </ClCompile>
    <ClCompile Include="Source\MidPointCtrl.cpp">
      <Filter>源文件</Filter>
    </ClCompile>
    <ClCompile Include="Source\NavMesh.cpp">
      <Filter>源文件</Filter>
    </ClCompile>
    <ClCompile Include="Source\AStarSearch.cpp">
      <Filter>源文件</Filter>
    </ClCompile>
    <ClCompile Include="Source\NavMeshQuery.cpp">
      <Filter>源文件</Filter>
    </ClCompile>
    <ClCompile Include="Source\NavCorridor.cpp">
      <Filter>源文件</Filter>
    </ClCompile>
  </ItemGroup>
  <ItemGroup>
    <ClInclude Include="Include\ChunkyTriMesh.h">
      <Filter>头文件</Filter>
    </ClInclude>
    <ClInclude Include="Include\Filelist.h">
      <Filter>头文件</Filter>
    </ClInclude>
    <ClInclude Include="Include\GLFont.h">
      <Filter>头文件</Filter>
    </ClInclude>
    <ClInclude Include="Include\HybridCrowdTool.h">
      <Filter>头文件</Filter>
    </ClInclude>
    <ClInclude Include="Include\HybridModel.h">
      <Filter>头文件</Filter>
    </ClInclude>
    <ClInclude Include="Include\imgui.h">
      <Filter>头文件</Filter>
    </ClInclude>
    <ClInclude Include="Include\imguiRenderGL.h">
      <Filter>头文件</Filter>
    </ClInclude>
    <ClInclude Include="Include\InputGeom.h">
      <Filter>头文件</Filter>
    </ClInclude>
    <ClInclude Include="Include\MeshLoaderObj.h">
      <Filter>头文件</Filter>
    </ClInclude>
    <ClInclude Include="Include\OffMeshConnectionTool.h">
      <Filter>头文件</Filter>
    </ClInclude>
    <ClInclude Include="Include\PerfTimer.h">
      <Filter>头文件</Filter>
    </ClInclude>
    <ClInclude Include="Include\Sample.h">
      <Filter>头文件</Filter>
    </ClInclude>
    <ClInclude Include="Include\SampleInterfaces.h">
      <Filter>头文件</Filter>
    </ClInclude>
    <ClInclude Include="Include\SlideShow.h">
      <Filter>头文件</Filter>
    </ClInclude>
    <ClInclude Include="Include\TestCase.h">
      <Filter>头文件</Filter>
    </ClInclude>
    <ClInclude Include="Include\ValueHistory.h">
      <Filter>头文件</Filter>
    </ClInclude>
    <ClInclude Include="HybridAlgorithm\CrowdGroup.h">
      <Filter>HybridAlgorithm</Filter>
    </ClInclude>
    <ClInclude Include="HybridAlgorithm\FluidSimulator.h">
      <Filter>HybridAlgorithm</Filter>
    </ClInclude>
    <ClInclude Include="HybridAlgorithm\Grid.h">
      <Filter>HybridAlgorithm</Filter>
    </ClInclude>
    <ClInclude Include="HybridAlgorithm\HmAgent.h">
      <Filter>HybridAlgorithm</Filter>
    </ClInclude>
    <ClInclude Include="HybridAlgorithm\HybridModelCrowd.h">
      <Filter>HybridAlgorithm</Filter>
    </ClInclude>
    <ClInclude Include="HybridAlgorithm\QuadTree.h">
      <Filter>HybridAlgorithm</Filter>
    </ClInclude>
    <ClInclude Include="HybridAlgorithm\Rectangle.h">
      <Filter>HybridAlgorithm</Filter>
    </ClInclude>
    <ClInclude Include="HybridAlgorithm\Vector2.h">
      <Filter>HybridAlgorithm</Filter>
    </ClInclude>
    <ClInclude Include="HybridAlgorithm\RVO\Agent.h">
      <Filter>HybridAlgorithm\RVO</Filter>
    </ClInclude>
    <ClInclude Include="HybridAlgorithm\RVO\Definitions.h">
      <Filter>HybridAlgorithm\RVO</Filter>
    </ClInclude>
    <ClInclude Include="HybridAlgorithm\RVO\KdTree.h">
      <Filter>HybridAlgorithm\RVO</Filter>
    </ClInclude>
    <ClInclude Include="HybridAlgorithm\RVO\Obstacle.h">
      <Filter>HybridAlgorithm\RVO</Filter>
    </ClInclude>
    <ClInclude Include="HybridAlgorithm\RVO\RVOSimulator.h">
      <Filter>HybridAlgorithm\RVO</Filter>
    </ClInclude>
    <ClInclude Include="Include\InputMesh.h">
      <Filter>头文件</Filter>
    </ClInclude>
    <ClInclude Include="Include\Renderer.h">
      <Filter>头文件</Filter>
    </ClInclude>
    <ClInclude Include="Include\CommonDef.h">
      <Filter>头文件</Filter>
    </ClInclude>
    <ClInclude Include="Include\MidPointCtrl.h">
      <Filter>头文件</Filter>
    </ClInclude>
    <ClInclude Include="Include\NavMesh.h">
      <Filter>头文件</Filter>
    </ClInclude>
    <ClInclude Include="Include\AStarSearch.h">
      <Filter>头文件</Filter>
    </ClInclude>
    <ClInclude Include="Include\NavMeshQuery.h">
      <Filter>头文件</Filter>
    </ClInclude>
    <ClInclude Include="Include\NavCorridor.h">
      <Filter>头文件</Filter>
    </ClInclude>
  </ItemGroup>
</Project>